// !$*UTF8*$!
{
	archiveVersion = 1;
	classes = {
	};
	objectVersion = 56;
	objects = {

/* Begin PBXBuildFile section */
		64915A862946E26C0077FDC9 /* TopShelfData.swift in Sources */ = {isa = PBXBuildFile; fileRef = 64FC90CE294525D600C50462 /* TopShelfData.swift */; };
		64915A972947A6820077FDC9 /* anime2.jpeg in Resources */ = {isa = PBXBuildFile; fileRef = 64915A882947A6820077FDC9 /* anime2.jpeg */; };
		64915A982947A6820077FDC9 /* actoin3.jpeg in Resources */ = {isa = PBXBuildFile; fileRef = 64915A892947A6820077FDC9 /* actoin3.jpeg */; };
		64915A992947A6820077FDC9 /* anime3.jpeg in Resources */ = {isa = PBXBuildFile; fileRef = 64915A8A2947A6820077FDC9 /* anime3.jpeg */; };
		64915A9A2947A6820077FDC9 /* action1.jpeg in Resources */ = {isa = PBXBuildFile; fileRef = 64915A8B2947A6820077FDC9 /* action1.jpeg */; };
		64915A9B2947A6820077FDC9 /* drama3.jpeg in Resources */ = {isa = PBXBuildFile; fileRef = 64915A8C2947A6820077FDC9 /* drama3.jpeg */; };
		64915A9C2947A6820077FDC9 /* anime1.jpeg in Resources */ = {isa = PBXBuildFile; fileRef = 64915A8D2947A6820077FDC9 /* anime1.jpeg */; };
		64915A9D2947A6820077FDC9 /* drama5.jpeg in Resources */ = {isa = PBXBuildFile; fileRef = 64915A8E2947A6820077FDC9 /* drama5.jpeg */; };
		64915A9E2947A6820077FDC9 /* action2.jpeg in Resources */ = {isa = PBXBuildFile; fileRef = 64915A8F2947A6820077FDC9 /* action2.jpeg */; };
		64915A9F2947A6820077FDC9 /* drama2.jpeg in Resources */ = {isa = PBXBuildFile; fileRef = 64915A902947A6820077FDC9 /* drama2.jpeg */; };
		64915AA02947A6820077FDC9 /* action5.jpeg in Resources */ = {isa = PBXBuildFile; fileRef = 64915A912947A6820077FDC9 /* action5.jpeg */; };
		64915AA12947A6820077FDC9 /* drama4.jpeg in Resources */ = {isa = PBXBuildFile; fileRef = 64915A922947A6820077FDC9 /* drama4.jpeg */; };
		64915AA22947A6820077FDC9 /* action4.jpeg in Resources */ = {isa = PBXBuildFile; fileRef = 64915A932947A6820077FDC9 /* action4.jpeg */; };
		64915AA42947A6820077FDC9 /* drama1.jpeg in Resources */ = {isa = PBXBuildFile; fileRef = 64915A952947A6820077FDC9 /* drama1.jpeg */; };
		64915AA72947ABED0077FDC9 /* anime4.jpeg in Resources */ = {isa = PBXBuildFile; fileRef = 64915AA52947ABED0077FDC9 /* anime4.jpeg */; };
		64915AA82947ABED0077FDC9 /* anime5.jpeg in Resources */ = {isa = PBXBuildFile; fileRef = 64915AA62947ABED0077FDC9 /* anime5.jpeg */; };
		64915AB92947B4460077FDC9 /* drama2.jpeg in Resources */ = {isa = PBXBuildFile; fileRef = 64915AAA2947B4460077FDC9 /* drama2.jpeg */; };
		64915ABA2947B4460077FDC9 /* drama3.jpeg in Resources */ = {isa = PBXBuildFile; fileRef = 64915AAB2947B4460077FDC9 /* drama3.jpeg */; };
		64915ABB2947B4460077FDC9 /* drama1.jpeg in Resources */ = {isa = PBXBuildFile; fileRef = 64915AAC2947B4460077FDC9 /* drama1.jpeg */; };
		64915ABC2947B4460077FDC9 /* drama5.jpeg in Resources */ = {isa = PBXBuildFile; fileRef = 64915AAD2947B4460077FDC9 /* drama5.jpeg */; };
		64915ABD2947B4460077FDC9 /* anime4.jpeg in Resources */ = {isa = PBXBuildFile; fileRef = 64915AAE2947B4460077FDC9 /* anime4.jpeg */; };
		64915ABE2947B4460077FDC9 /* action5.jpeg in Resources */ = {isa = PBXBuildFile; fileRef = 64915AAF2947B4460077FDC9 /* action5.jpeg */; };
		64915ABF2947B4460077FDC9 /* anime1.jpeg in Resources */ = {isa = PBXBuildFile; fileRef = 64915AB02947B4460077FDC9 /* anime1.jpeg */; };
		64915AC02947B4460077FDC9 /* anime5.jpeg in Resources */ = {isa = PBXBuildFile; fileRef = 64915AB12947B4460077FDC9 /* anime5.jpeg */; };
		64915AC12947B4460077FDC9 /* action2.jpeg in Resources */ = {isa = PBXBuildFile; fileRef = 64915AB22947B4460077FDC9 /* action2.jpeg */; };
		64915AC22947B4460077FDC9 /* action4.jpeg in Resources */ = {isa = PBXBuildFile; fileRef = 64915AB32947B4460077FDC9 /* action4.jpeg */; };
		64915AC32947B4460077FDC9 /* anime3.jpeg in Resources */ = {isa = PBXBuildFile; fileRef = 64915AB42947B4460077FDC9 /* anime3.jpeg */; };
		64915AC42947B4460077FDC9 /* actoin3.jpeg in Resources */ = {isa = PBXBuildFile; fileRef = 64915AB52947B4460077FDC9 /* actoin3.jpeg */; };
		64915AC52947B4460077FDC9 /* drama4.jpeg in Resources */ = {isa = PBXBuildFile; fileRef = 64915AB62947B4460077FDC9 /* drama4.jpeg */; };
		64915AC62947B4460077FDC9 /* anime2.jpeg in Resources */ = {isa = PBXBuildFile; fileRef = 64915AB72947B4460077FDC9 /* anime2.jpeg */; };
		64915AC72947B4460077FDC9 /* action1.jpeg in Resources */ = {isa = PBXBuildFile; fileRef = 64915AB82947B4460077FDC9 /* action1.jpeg */; };
		64FC90A92945198B00C50462 /* AppDelegate.swift in Sources */ = {isa = PBXBuildFile; fileRef = 64FC90A82945198B00C50462 /* AppDelegate.swift */; };
		64FC90AB2945198B00C50462 /* ViewController.swift in Sources */ = {isa = PBXBuildFile; fileRef = 64FC90AA2945198B00C50462 /* ViewController.swift */; };
		64FC90AE2945198B00C50462 /* Main.storyboard in Resources */ = {isa = PBXBuildFile; fileRef = 64FC90AC2945198B00C50462 /* Main.storyboard */; };
		64FC90B02945198D00C50462 /* Assets.xcassets in Resources */ = {isa = PBXBuildFile; fileRef = 64FC90AF2945198D00C50462 /* Assets.xcassets */; };
		64FC90B32945198D00C50462 /* LaunchScreen.storyboard in Resources */ = {isa = PBXBuildFile; fileRef = 64FC90B12945198D00C50462 /* LaunchScreen.storyboard */; };
		64FC90C02945218A00C50462 /* TVServices.framework in Frameworks */ = {isa = PBXBuildFile; fileRef = 64FC90BF2945218A00C50462 /* TVServices.framework */; };
		64FC90C32945218A00C50462 /* ContentProvider.swift in Sources */ = {isa = PBXBuildFile; fileRef = 64FC90C22945218A00C50462 /* ContentProvider.swift */; };
		64FC90C72945218A00C50462 /* TopShelfDisplay.appex in Embed Foundation Extensions */ = {isa = PBXBuildFile; fileRef = 64FC90BD2945218A00C50462 /* TopShelfDisplay.appex */; settings = {ATTRIBUTES = (RemoveHeadersOnCopy, ); }; };
		64FC90D129454B4C00C50462 /* Shows.swift in Sources */ = {isa = PBXBuildFile; fileRef = 64FC90D029454B4C00C50462 /* Shows.swift */; };
		64FC90D329458EBA00C50462 /* DetailViewController.swift in Sources */ = {isa = PBXBuildFile; fileRef = 64FC90D229458EBA00C50462 /* DetailViewController.swift */; };
/* End PBXBuildFile section */

/* Begin PBXContainerItemProxy section */
		64FC90C52945218A00C50462 /* PBXContainerItemProxy */ = {
			isa = PBXContainerItemProxy;
			containerPortal = 64FC909D2945198B00C50462 /* Project object */;
			proxyType = 1;
			remoteGlobalIDString = 64FC90BC2945218A00C50462;
			remoteInfo = TopShelfDisplay;
		};
/* End PBXContainerItemProxy section */

/* Begin PBXCopyFilesBuildPhase section */
		64FC90CB2945218A00C50462 /* Embed Foundation Extensions */ = {
			isa = PBXCopyFilesBuildPhase;
			buildActionMask = 2147483647;
			dstPath = "";
			dstSubfolderSpec = 13;
			files = (
				64FC90C72945218A00C50462 /* TopShelfDisplay.appex in Embed Foundation Extensions */,
			);
			name = "Embed Foundation Extensions";
			runOnlyForDeploymentPostprocessing = 0;
		};
/* End PBXCopyFilesBuildPhase section */

/* Begin PBXFileReference section */
		64915A882947A6820077FDC9 /* anime2.jpeg */ = {isa = PBXFileReference; lastKnownFileType = image.jpeg; path = anime2.jpeg; sourceTree = "<group>"; };
		64915A892947A6820077FDC9 /* actoin3.jpeg */ = {isa = PBXFileReference; lastKnownFileType = image.jpeg; path = actoin3.jpeg; sourceTree = "<group>"; };
		64915A8A2947A6820077FDC9 /* anime3.jpeg */ = {isa = PBXFileReference; lastKnownFileType = image.jpeg; path = anime3.jpeg; sourceTree = "<group>"; };
		64915A8B2947A6820077FDC9 /* action1.jpeg */ = {isa = PBXFileReference; lastKnownFileType = image.jpeg; path = action1.jpeg; sourceTree = "<group>"; };
		64915A8C2947A6820077FDC9 /* drama3.jpeg */ = {isa = PBXFileReference; lastKnownFileType = image.jpeg; path = drama3.jpeg; sourceTree = "<group>"; };
		64915A8D2947A6820077FDC9 /* anime1.jpeg */ = {isa = PBXFileReference; lastKnownFileType = image.jpeg; path = anime1.jpeg; sourceTree = "<group>"; };
		64915A8E2947A6820077FDC9 /* drama5.jpeg */ = {isa = PBXFileReference; lastKnownFileType = image.jpeg; path = drama5.jpeg; sourceTree = "<group>"; };
		64915A8F2947A6820077FDC9 /* action2.jpeg */ = {isa = PBXFileReference; lastKnownFileType = image.jpeg; path = action2.jpeg; sourceTree = "<group>"; };
		64915A902947A6820077FDC9 /* drama2.jpeg */ = {isa = PBXFileReference; lastKnownFileType = image.jpeg; path = drama2.jpeg; sourceTree = "<group>"; };
		64915A912947A6820077FDC9 /* action5.jpeg */ = {isa = PBXFileReference; lastKnownFileType = image.jpeg; path = action5.jpeg; sourceTree = "<group>"; };
		64915A922947A6820077FDC9 /* drama4.jpeg */ = {isa = PBXFileReference; lastKnownFileType = image.jpeg; path = drama4.jpeg; sourceTree = "<group>"; };
		64915A932947A6820077FDC9 /* action4.jpeg */ = {isa = PBXFileReference; lastKnownFileType = image.jpeg; path = action4.jpeg; sourceTree = "<group>"; };
		64915A952947A6820077FDC9 /* drama1.jpeg */ = {isa = PBXFileReference; lastKnownFileType = image.jpeg; path = drama1.jpeg; sourceTree = "<group>"; };
		64915AA52947ABED0077FDC9 /* anime4.jpeg */ = {isa = PBXFileReference; lastKnownFileType = image.jpeg; name = anime4.jpeg; path = "../../../../../../Desktop/Apple Watch/Apple TV/anime4.jpeg"; sourceTree = "<group>"; };
		64915AA62947ABED0077FDC9 /* anime5.jpeg */ = {isa = PBXFileReference; lastKnownFileType = image.jpeg; name = anime5.jpeg; path = "../../../../../../Desktop/Apple Watch/Apple TV/anime5.jpeg"; sourceTree = "<group>"; };
		64915AAA2947B4460077FDC9 /* drama2.jpeg */ = {isa = PBXFileReference; lastKnownFileType = image.jpeg; path = drama2.jpeg; sourceTree = "<group>"; };
		64915AAB2947B4460077FDC9 /* drama3.jpeg */ = {isa = PBXFileReference; lastKnownFileType = image.jpeg; path = drama3.jpeg; sourceTree = "<group>"; };
		64915AAC2947B4460077FDC9 /* drama1.jpeg */ = {isa = PBXFileReference; lastKnownFileType = image.jpeg; path = drama1.jpeg; sourceTree = "<group>"; };
		64915AAD2947B4460077FDC9 /* drama5.jpeg */ = {isa = PBXFileReference; lastKnownFileType = image.jpeg; path = drama5.jpeg; sourceTree = "<group>"; };
		64915AAE2947B4460077FDC9 /* anime4.jpeg */ = {isa = PBXFileReference; lastKnownFileType = image.jpeg; path = anime4.jpeg; sourceTree = "<group>"; };
		64915AAF2947B4460077FDC9 /* action5.jpeg */ = {isa = PBXFileReference; lastKnownFileType = image.jpeg; path = action5.jpeg; sourceTree = "<group>"; };
		64915AB02947B4460077FDC9 /* anime1.jpeg */ = {isa = PBXFileReference; lastKnownFileType = image.jpeg; path = anime1.jpeg; sourceTree = "<group>"; };
		64915AB12947B4460077FDC9 /* anime5.jpeg */ = {isa = PBXFileReference; lastKnownFileType = image.jpeg; path = anime5.jpeg; sourceTree = "<group>"; };
		64915AB22947B4460077FDC9 /* action2.jpeg */ = {isa = PBXFileReference; lastKnownFileType = image.jpeg; path = action2.jpeg; sourceTree = "<group>"; };
		64915AB32947B4460077FDC9 /* action4.jpeg */ = {isa = PBXFileReference; lastKnownFileType = image.jpeg; path = action4.jpeg; sourceTree = "<group>"; };
		64915AB42947B4460077FDC9 /* anime3.jpeg */ = {isa = PBXFileReference; lastKnownFileType = image.jpeg; path = anime3.jpeg; sourceTree = "<group>"; };
		64915AB52947B4460077FDC9 /* actoin3.jpeg */ = {isa = PBXFileReference; lastKnownFileType = image.jpeg; path = actoin3.jpeg; sourceTree = "<group>"; };
		64915AB62947B4460077FDC9 /* drama4.jpeg */ = {isa = PBXFileReference; lastKnownFileType = image.jpeg; path = drama4.jpeg; sourceTree = "<group>"; };
		64915AB72947B4460077FDC9 /* anime2.jpeg */ = {isa = PBXFileReference; lastKnownFileType = image.jpeg; path = anime2.jpeg; sourceTree = "<group>"; };
		64915AB82947B4460077FDC9 /* action1.jpeg */ = {isa = PBXFileReference; lastKnownFileType = image.jpeg; path = action1.jpeg; sourceTree = "<group>"; };
		64FC90A52945198B00C50462 /* MitchellAntoine_AppleTV.app */ = {isa = PBXFileReference; explicitFileType = wrapper.application; includeInIndex = 0; path = MitchellAntoine_AppleTV.app; sourceTree = BUILT_PRODUCTS_DIR; };
		64FC90A82945198B00C50462 /* AppDelegate.swift */ = {isa = PBXFileReference; lastKnownFileType = sourcecode.swift; path = AppDelegate.swift; sourceTree = "<group>"; };
		64FC90AA2945198B00C50462 /* ViewController.swift */ = {isa = PBXFileReference; lastKnownFileType = sourcecode.swift; path = ViewController.swift; sourceTree = "<group>"; };
		64FC90AD2945198B00C50462 /* Base */ = {isa = PBXFileReference; lastKnownFileType = file.storyboard; name = Base; path = Base.lproj/Main.storyboard; sourceTree = "<group>"; };
		64FC90AF2945198D00C50462 /* Assets.xcassets */ = {isa = PBXFileReference; lastKnownFileType = folder.assetcatalog; path = Assets.xcassets; sourceTree = "<group>"; };
		64FC90B22945198D00C50462 /* Base */ = {isa = PBXFileReference; lastKnownFileType = file.storyboard; name = Base; path = Base.lproj/LaunchScreen.storyboard; sourceTree = "<group>"; };
		64FC90BD2945218A00C50462 /* TopShelfDisplay.appex */ = {isa = PBXFileReference; explicitFileType = "wrapper.app-extension"; includeInIndex = 0; path = TopShelfDisplay.appex; sourceTree = BUILT_PRODUCTS_DIR; };
		64FC90BF2945218A00C50462 /* TVServices.framework */ = {isa = PBXFileReference; lastKnownFileType = wrapper.framework; name = TVServices.framework; path = System/Library/Frameworks/TVServices.framework; sourceTree = SDKROOT; };
		64FC90C22945218A00C50462 /* ContentProvider.swift */ = {isa = PBXFileReference; lastKnownFileType = sourcecode.swift; path = ContentProvider.swift; sourceTree = "<group>"; };
		64FC90C42945218A00C50462 /* Info.plist */ = {isa = PBXFileReference; lastKnownFileType = text.plist.xml; path = Info.plist; sourceTree = "<group>"; };
		64FC90CE294525D600C50462 /* TopShelfData.swift */ = {isa = PBXFileReference; lastKnownFileType = sourcecode.swift; path = TopShelfData.swift; sourceTree = "<group>"; };
		64FC90D029454B4C00C50462 /* Shows.swift */ = {isa = PBXFileReference; lastKnownFileType = sourcecode.swift; path = Shows.swift; sourceTree = "<group>"; };
		64FC90D229458EBA00C50462 /* DetailViewController.swift */ = {isa = PBXFileReference; lastKnownFileType = sourcecode.swift; path = DetailViewController.swift; sourceTree = "<group>"; };
/* End PBXFileReference section */

/* Begin PBXFrameworksBuildPhase section */
		64FC90A22945198B00C50462 /* Frameworks */ = {
			isa = PBXFrameworksBuildPhase;
			buildActionMask = 2147483647;
			files = (
			);
			runOnlyForDeploymentPostprocessing = 0;
		};
		64FC90BA2945218A00C50462 /* Frameworks */ = {
			isa = PBXFrameworksBuildPhase;
			buildActionMask = 2147483647;
			files = (
				64FC90C02945218A00C50462 /* TVServices.framework in Frameworks */,
			);
			runOnlyForDeploymentPostprocessing = 0;
		};
/* End PBXFrameworksBuildPhase section */

/* Begin PBXGroup section */
		64915AA92947B40C0077FDC9 /* Images */ = {
			isa = PBXGroup;
			children = (
				64915AB82947B4460077FDC9 /* action1.jpeg */,
				64915AB22947B4460077FDC9 /* action2.jpeg */,
				64915AB32947B4460077FDC9 /* action4.jpeg */,
				64915AAF2947B4460077FDC9 /* action5.jpeg */,
				64915AB52947B4460077FDC9 /* actoin3.jpeg */,
				64915AB02947B4460077FDC9 /* anime1.jpeg */,
				64915AB72947B4460077FDC9 /* anime2.jpeg */,
				64915AB42947B4460077FDC9 /* anime3.jpeg */,
				64915AAE2947B4460077FDC9 /* anime4.jpeg */,
				64915AB12947B4460077FDC9 /* anime5.jpeg */,
				64915AAC2947B4460077FDC9 /* drama1.jpeg */,
				64915AAA2947B4460077FDC9 /* drama2.jpeg */,
				64915AAB2947B4460077FDC9 /* drama3.jpeg */,
				64915AB62947B4460077FDC9 /* drama4.jpeg */,
				64915AAD2947B4460077FDC9 /* drama5.jpeg */,
			);
			path = Images;
			sourceTree = "<group>";
		};
		64FC909C2945198B00C50462 = {
			isa = PBXGroup;
			children = (
				64FC90A72945198B00C50462 /* MitchellAntoine_AppleTV */,
				64FC90C12945218A00C50462 /* TopShelfDisplay */,
				64FC90BE2945218A00C50462 /* Frameworks */,
				64FC90A62945198B00C50462 /* Products */,
			);
			sourceTree = "<group>";
		};
		64FC90A62945198B00C50462 /* Products */ = {
			isa = PBXGroup;
			children = (
				64FC90A52945198B00C50462 /* MitchellAntoine_AppleTV.app */,
				64FC90BD2945218A00C50462 /* TopShelfDisplay.appex */,
			);
			name = Products;
			sourceTree = "<group>";
		};
		64FC90A72945198B00C50462 /* MitchellAntoine_AppleTV */ = {
			isa = PBXGroup;
			children = (
				64915AA92947B40C0077FDC9 /* Images */,
				64FC90A82945198B00C50462 /* AppDelegate.swift */,
				64FC90AA2945198B00C50462 /* ViewController.swift */,
				64FC90D229458EBA00C50462 /* DetailViewController.swift */,
				64FC90D029454B4C00C50462 /* Shows.swift */,
				64FC90AC2945198B00C50462 /* Main.storyboard */,
				64FC90AF2945198D00C50462 /* Assets.xcassets */,
				64FC90B12945198D00C50462 /* LaunchScreen.storyboard */,
			);
			path = MitchellAntoine_AppleTV;
			sourceTree = "<group>";
		};
		64FC90BE2945218A00C50462 /* Frameworks */ = {
			isa = PBXGroup;
			children = (
				64FC90BF2945218A00C50462 /* TVServices.framework */,
			);
			name = Frameworks;
			sourceTree = "<group>";
		};
		64FC90C12945218A00C50462 /* TopShelfDisplay */ = {
			isa = PBXGroup;
			children = (
				64FC90CE294525D600C50462 /* TopShelfData.swift */,
				64FC90D429468B9C00C50462 /* Images */,
				64FC90C22945218A00C50462 /* ContentProvider.swift */,
				64FC90C42945218A00C50462 /* Info.plist */,
			);
			path = TopShelfDisplay;
			sourceTree = "<group>";
		};
		64FC90D429468B9C00C50462 /* Images */ = {
			isa = PBXGroup;
			children = (
				64915A8B2947A6820077FDC9 /* action1.jpeg */,
				64915A8F2947A6820077FDC9 /* action2.jpeg */,
				64915A932947A6820077FDC9 /* action4.jpeg */,
				64915A912947A6820077FDC9 /* action5.jpeg */,
				64915A892947A6820077FDC9 /* actoin3.jpeg */,
				64915A8D2947A6820077FDC9 /* anime1.jpeg */,
				64915A882947A6820077FDC9 /* anime2.jpeg */,
				64915A8A2947A6820077FDC9 /* anime3.jpeg */,
				64915AA52947ABED0077FDC9 /* anime4.jpeg */,
				64915AA62947ABED0077FDC9 /* anime5.jpeg */,
				64915A952947A6820077FDC9 /* drama1.jpeg */,
				64915A902947A6820077FDC9 /* drama2.jpeg */,
				64915A8C2947A6820077FDC9 /* drama3.jpeg */,
				64915A922947A6820077FDC9 /* drama4.jpeg */,
				64915A8E2947A6820077FDC9 /* drama5.jpeg */,
			);
			path = Images;
			sourceTree = "<group>";
		};
/* End PBXGroup section */

/* Begin PBXNativeTarget section */
		64FC90A42945198B00C50462 /* MitchellAntoine_AppleTV */ = {
			isa = PBXNativeTarget;
			buildConfigurationList = 64FC90B62945198D00C50462 /* Build configuration list for PBXNativeTarget "MitchellAntoine_AppleTV" */;
			buildPhases = (
				64FC90A12945198B00C50462 /* Sources */,
				64FC90A22945198B00C50462 /* Frameworks */,
				64FC90A32945198B00C50462 /* Resources */,
				64FC90CB2945218A00C50462 /* Embed Foundation Extensions */,
			);
			buildRules = (
			);
			dependencies = (
				64FC90C62945218A00C50462 /* PBXTargetDependency */,
			);
			name = MitchellAntoine_AppleTV;
			productName = MitchellAntoine_AppleTV;
			productReference = 64FC90A52945198B00C50462 /* MitchellAntoine_AppleTV.app */;
			productType = "com.apple.product-type.application";
		};
		64FC90BC2945218A00C50462 /* TopShelfDisplay */ = {
			isa = PBXNativeTarget;
			buildConfigurationList = 64FC90C82945218A00C50462 /* Build configuration list for PBXNativeTarget "TopShelfDisplay" */;
			buildPhases = (
				64FC90B92945218A00C50462 /* Sources */,
				64FC90BA2945218A00C50462 /* Frameworks */,
				64FC90BB2945218A00C50462 /* Resources */,
			);
			buildRules = (
			);
			dependencies = (
			);
			name = TopShelfDisplay;
			productName = TopShelfDisplay;
			productReference = 64FC90BD2945218A00C50462 /* TopShelfDisplay.appex */;
			productType = "com.apple.product-type.app-extension";
		};
/* End PBXNativeTarget section */

/* Begin PBXProject section */
		64FC909D2945198B00C50462 /* Project object */ = {
			isa = PBXProject;
			attributes = {
				BuildIndependentTargetsInParallel = 1;
				LastSwiftUpdateCheck = 1410;
				LastUpgradeCheck = 1410;
				TargetAttributes = {
					64FC90A42945198B00C50462 = {
						CreatedOnToolsVersion = 14.1;
					};
					64FC90BC2945218A00C50462 = {
						CreatedOnToolsVersion = 14.1;
					};
				};
			};
			buildConfigurationList = 64FC90A02945198B00C50462 /* Build configuration list for PBXProject "MitchellAntoine_AppleTV" */;
			compatibilityVersion = "Xcode 14.0";
			developmentRegion = en;
			hasScannedForEncodings = 0;
			knownRegions = (
				en,
				Base,
			);
			mainGroup = 64FC909C2945198B00C50462;
			productRefGroup = 64FC90A62945198B00C50462 /* Products */;
			projectDirPath = "";
			projectRoot = "";
			targets = (
				64FC90A42945198B00C50462 /* MitchellAntoine_AppleTV */,
				64FC90BC2945218A00C50462 /* TopShelfDisplay */,
			);
		};
/* End PBXProject section */

/* Begin PBXResourcesBuildPhase section */
		64FC90A32945198B00C50462 /* Resources */ = {
			isa = PBXResourcesBuildPhase;
			buildActionMask = 2147483647;
			files = (
				64915AC12947B4460077FDC9 /* action2.jpeg in Resources */,
				64915ABA2947B4460077FDC9 /* drama3.jpeg in Resources */,
				64FC90B32945198D00C50462 /* LaunchScreen.storyboard in Resources */,
				64915AC72947B4460077FDC9 /* action1.jpeg in Resources */,
				64FC90B02945198D00C50462 /* Assets.xcassets in Resources */,
				64915ABE2947B4460077FDC9 /* action5.jpeg in Resources */,
				64915AC02947B4460077FDC9 /* anime5.jpeg in Resources */,
				64915ABF2947B4460077FDC9 /* anime1.jpeg in Resources */,
				64915AC42947B4460077FDC9 /* actoin3.jpeg in Resources */,
				64915AC52947B4460077FDC9 /* drama4.jpeg in Resources */,
				64915AC22947B4460077FDC9 /* action4.jpeg in Resources */,
				64915ABC2947B4460077FDC9 /* drama5.jpeg in Resources */,
				64915AC62947B4460077FDC9 /* anime2.jpeg in Resources */,
				64915ABB2947B4460077FDC9 /* drama1.jpeg in Resources */,
				64915AC32947B4460077FDC9 /* anime3.jpeg in Resources */,
				64915ABD2947B4460077FDC9 /* anime4.jpeg in Resources */,
				64915AB92947B4460077FDC9 /* drama2.jpeg in Resources */,
				64FC90AE2945198B00C50462 /* Main.storyboard in Resources */,
			);
			runOnlyForDeploymentPostprocessing = 0;
		};
		64FC90BB2945218A00C50462 /* Resources */ = {
			isa = PBXResourcesBuildPhase;
			buildActionMask = 2147483647;
			files = (
				64915AA12947A6820077FDC9 /* drama4.jpeg in Resources */,
				64915A992947A6820077FDC9 /* anime3.jpeg in Resources */,
				64915A9D2947A6820077FDC9 /* drama5.jpeg in Resources */,
				64915A9F2947A6820077FDC9 /* drama2.jpeg in Resources */,
				64915A9C2947A6820077FDC9 /* anime1.jpeg in Resources */,
				64915A9E2947A6820077FDC9 /* action2.jpeg in Resources */,
				64915AA22947A6820077FDC9 /* action4.jpeg in Resources */,
				64915AA42947A6820077FDC9 /* drama1.jpeg in Resources */,
				64915A9A2947A6820077FDC9 /* action1.jpeg in Resources */,
				64915AA02947A6820077FDC9 /* action5.jpeg in Resources */,
				64915A9B2947A6820077FDC9 /* drama3.jpeg in Resources */,
				64915AA82947ABED0077FDC9 /* anime5.jpeg in Resources */,
				64915AA72947ABED0077FDC9 /* anime4.jpeg in Resources */,
				64915A982947A6820077FDC9 /* actoin3.jpeg in Resources */,
				64915A972947A6820077FDC9 /* anime2.jpeg in Resources */,
			);
			runOnlyForDeploymentPostprocessing = 0;
		};
/* End PBXResourcesBuildPhase section */

/* Begin PBXSourcesBuildPhase section */
		64FC90A12945198B00C50462 /* Sources */ = {
			isa = PBXSourcesBuildPhase;
			buildActionMask = 2147483647;
			files = (
				64FC90AB2945198B00C50462 /* ViewController.swift in Sources */,
				64FC90A92945198B00C50462 /* AppDelegate.swift in Sources */,
				64FC90D329458EBA00C50462 /* DetailViewController.swift in Sources */,
				64FC90D129454B4C00C50462 /* Shows.swift in Sources */,
			);
			runOnlyForDeploymentPostprocessing = 0;
		};
		64FC90B92945218A00C50462 /* Sources */ = {
			isa = PBXSourcesBuildPhase;
			buildActionMask = 2147483647;
			files = (
				64915A862946E26C0077FDC9 /* TopShelfData.swift in Sources */,
				64FC90C32945218A00C50462 /* ContentProvider.swift in Sources */,
			);
			runOnlyForDeploymentPostprocessing = 0;
		};
/* End PBXSourcesBuildPhase section */

/* Begin PBXTargetDependency section */
		64FC90C62945218A00C50462 /* PBXTargetDependency */ = {
			isa = PBXTargetDependency;
			target = 64FC90BC2945218A00C50462 /* TopShelfDisplay */;
			targetProxy = 64FC90C52945218A00C50462 /* PBXContainerItemProxy */;
		};
/* End PBXTargetDependency section */

/* Begin PBXVariantGroup section */
		64FC90AC2945198B00C50462 /* Main.storyboard */ = {
			isa = PBXVariantGroup;
			children = (
				64FC90AD2945198B00C50462 /* Base */,
			);
			name = Main.storyboard;
			sourceTree = "<group>";
		};
		64FC90B12945198D00C50462 /* LaunchScreen.storyboard */ = {
			isa = PBXVariantGroup;
			children = (
				64FC90B22945198D00C50462 /* Base */,
			);
			name = LaunchScreen.storyboard;
			sourceTree = "<group>";
		};
/* End PBXVariantGroup section */

/* Begin XCBuildConfiguration section */
		64FC90B42945198D00C50462 /* Debug */ = {
			isa = XCBuildConfiguration;
			buildSettings = {
				ALWAYS_SEARCH_USER_PATHS = NO;
				CLANG_ANALYZER_NONNULL = YES;
				CLANG_ANALYZER_NUMBER_OBJECT_CONVERSION = YES_AGGRESSIVE;
				CLANG_CXX_LANGUAGE_STANDARD = "gnu++20";
				CLANG_ENABLE_MODULES = YES;
				CLANG_ENABLE_OBJC_ARC = YES;
				CLANG_ENABLE_OBJC_WEAK = YES;
				CLANG_WARN_BLOCK_CAPTURE_AUTORELEASING = YES;
				CLANG_WARN_BOOL_CONVERSION = YES;
				CLANG_WARN_COMMA = YES;
				CLANG_WARN_CONSTANT_CONVERSION = YES;
				CLANG_WARN_DEPRECATED_OBJC_IMPLEMENTATIONS = YES;
				CLANG_WARN_DIRECT_OBJC_ISA_USAGE = YES_ERROR;
				CLANG_WARN_DOCUMENTATION_COMMENTS = YES;
				CLANG_WARN_EMPTY_BODY = YES;
				CLANG_WARN_ENUM_CONVERSION = YES;
				CLANG_WARN_INFINITE_RECURSION = YES;
				CLANG_WARN_INT_CONVERSION = YES;
				CLANG_WARN_NON_LITERAL_NULL_CONVERSION = YES;
				CLANG_WARN_OBJC_IMPLICIT_RETAIN_SELF = YES;
				CLANG_WARN_OBJC_LITERAL_CONVERSION = YES;
				CLANG_WARN_OBJC_ROOT_CLASS = YES_ERROR;
				CLANG_WARN_QUOTED_INCLUDE_IN_FRAMEWORK_HEADER = YES;
				CLANG_WARN_RANGE_LOOP_ANALYSIS = YES;
				CLANG_WARN_STRICT_PROTOTYPES = YES;
				CLANG_WARN_SUSPICIOUS_MOVE = YES;
				CLANG_WARN_UNGUARDED_AVAILABILITY = YES_AGGRESSIVE;
				CLANG_WARN_UNREACHABLE_CODE = YES;
				CLANG_WARN__DUPLICATE_METHOD_MATCH = YES;
				COPY_PHASE_STRIP = NO;
				DEBUG_INFORMATION_FORMAT = dwarf;
				ENABLE_STRICT_OBJC_MSGSEND = YES;
				ENABLE_TESTABILITY = YES;
				GCC_C_LANGUAGE_STANDARD = gnu11;
				GCC_DYNAMIC_NO_PIC = NO;
				GCC_NO_COMMON_BLOCKS = YES;
				GCC_OPTIMIZATION_LEVEL = 0;
				GCC_PREPROCESSOR_DEFINITIONS = (
					"DEBUG=1",
					"$(inherited)",
				);
				GCC_WARN_64_TO_32_BIT_CONVERSION = YES;
				GCC_WARN_ABOUT_RETURN_TYPE = YES_ERROR;
				GCC_WARN_UNDECLARED_SELECTOR = YES;
				GCC_WARN_UNINITIALIZED_AUTOS = YES_AGGRESSIVE;
				GCC_WARN_UNUSED_FUNCTION = YES;
				GCC_WARN_UNUSED_VARIABLE = YES;
				MTL_ENABLE_DEBUG_INFO = INCLUDE_SOURCE;
				MTL_FAST_MATH = YES;
				ONLY_ACTIVE_ARCH = YES;
				SDKROOT = appletvos;
				SWIFT_ACTIVE_COMPILATION_CONDITIONS = DEBUG;
				SWIFT_OPTIMIZATION_LEVEL = "-Onone";
				TVOS_DEPLOYMENT_TARGET = 16.1;
			};
			name = Debug;
		};
		64FC90B52945198D00C50462 /* Release */ = {
			isa = XCBuildConfiguration;
			buildSettings = {
				ALWAYS_SEARCH_USER_PATHS = NO;
				CLANG_ANALYZER_NONNULL = YES;
				CLANG_ANALYZER_NUMBER_OBJECT_CONVERSION = YES_AGGRESSIVE;
				CLANG_CXX_LANGUAGE_STANDARD = "gnu++20";
				CLANG_ENABLE_MODULES = YES;
				CLANG_ENABLE_OBJC_ARC = YES;
				CLANG_ENABLE_OBJC_WEAK = YES;
				CLANG_WARN_BLOCK_CAPTURE_AUTORELEASING = YES;
				CLANG_WARN_BOOL_CONVERSION = YES;
				CLANG_WARN_COMMA = YES;
				CLANG_WARN_CONSTANT_CONVERSION = YES;
				CLANG_WARN_DEPRECATED_OBJC_IMPLEMENTATIONS = YES;
				CLANG_WARN_DIRECT_OBJC_ISA_USAGE = YES_ERROR;
				CLANG_WARN_DOCUMENTATION_COMMENTS = YES;
				CLANG_WARN_EMPTY_BODY = YES;
				CLANG_WARN_ENUM_CONVERSION = YES;
				CLANG_WARN_INFINITE_RECURSION = YES;
				CLANG_WARN_INT_CONVERSION = YES;
				CLANG_WARN_NON_LITERAL_NULL_CONVERSION = YES;
				CLANG_WARN_OBJC_IMPLICIT_RETAIN_SELF = YES;
				CLANG_WARN_OBJC_LITERAL_CONVERSION = YES;
				CLANG_WARN_OBJC_ROOT_CLASS = YES_ERROR;
				CLANG_WARN_QUOTED_INCLUDE_IN_FRAMEWORK_HEADER = YES;
				CLANG_WARN_RANGE_LOOP_ANALYSIS = YES;
				CLANG_WARN_STRICT_PROTOTYPES = YES;
				CLANG_WARN_SUSPICIOUS_MOVE = YES;
				CLANG_WARN_UNGUARDED_AVAILABILITY = YES_AGGRESSIVE;
				CLANG_WARN_UNREACHABLE_CODE = YES;
				CLANG_WARN__DUPLICATE_METHOD_MATCH = YES;
				COPY_PHASE_STRIP = NO;
				DEBUG_INFORMATION_FORMAT = "dwarf-with-dsym";
				ENABLE_NS_ASSERTIONS = NO;
				ENABLE_STRICT_OBJC_MSGSEND = YES;
				GCC_C_LANGUAGE_STANDARD = gnu11;
				GCC_NO_COMMON_BLOCKS = YES;
				GCC_WARN_64_TO_32_BIT_CONVERSION = YES;
				GCC_WARN_ABOUT_RETURN_TYPE = YES_ERROR;
				GCC_WARN_UNDECLARED_SELECTOR = YES;
				GCC_WARN_UNINITIALIZED_AUTOS = YES_AGGRESSIVE;
				GCC_WARN_UNUSED_FUNCTION = YES;
				GCC_WARN_UNUSED_VARIABLE = YES;
				MTL_ENABLE_DEBUG_INFO = NO;
				MTL_FAST_MATH = YES;
				SDKROOT = appletvos;
				SWIFT_COMPILATION_MODE = wholemodule;
				SWIFT_OPTIMIZATION_LEVEL = "-O";
				TVOS_DEPLOYMENT_TARGET = 16.1;
				VALIDATE_PRODUCT = YES;
			};
			name = Release;
		};
		64FC90B72945198D00C50462 /* Debug */ = {
			isa = XCBuildConfiguration;
			buildSettings = {
				ALWAYS_EMBED_SWIFT_STANDARD_LIBRARIES = YES;
				ASSETCATALOG_COMPILER_APPICON_NAME = "App Icon & Top Shelf Image";
				ASSETCATALOG_COMPILER_GLOBAL_ACCENT_COLOR_NAME = AccentColor;
				CODE_SIGN_STYLE = Automatic;
				CURRENT_PROJECT_VERSION = 1;
				DEVELOPMENT_TEAM = 9J2XD6FT5T;
				GENERATE_INFOPLIST_FILE = YES;
				INFOPLIST_KEY_UILaunchStoryboardName = LaunchScreen;
				INFOPLIST_KEY_UIMainStoryboardFile = Main;
				INFOPLIST_KEY_UIUserInterfaceStyle = Automatic;
				LD_RUNPATH_SEARCH_PATHS = (
					"$(inherited)",
					"@executable_path/Frameworks",
				);
				MARKETING_VERSION = 1.0;
				PRODUCT_BUNDLE_IDENTIFIER = "com.fullsail.MitchellAntoine-AppleTV";
				PRODUCT_NAME = "$(TARGET_NAME)";
				SWIFT_EMIT_LOC_STRINGS = YES;
				SWIFT_VERSION = 5.0;
				TARGETED_DEVICE_FAMILY = 3;
			};
			name = Debug;
		};
		64FC90B82945198D00C50462 /* Release */ = {
			isa = XCBuildConfiguration;
			buildSettings = {
				ALWAYS_EMBED_SWIFT_STANDARD_LIBRARIES = YES;
				ASSETCATALOG_COMPILER_APPICON_NAME = "App Icon & Top Shelf Image";
				ASSETCATALOG_COMPILER_GLOBAL_ACCENT_COLOR_NAME = AccentColor;
				CODE_SIGN_STYLE = Automatic;
				CURRENT_PROJECT_VERSION = 1;
				DEVELOPMENT_TEAM = 9J2XD6FT5T;
				GENERATE_INFOPLIST_FILE = YES;
				INFOPLIST_KEY_UILaunchStoryboardName = LaunchScreen;
				INFOPLIST_KEY_UIMainStoryboardFile = Main;
				INFOPLIST_KEY_UIUserInterfaceStyle = Automatic;
				LD_RUNPATH_SEARCH_PATHS = (
					"$(inherited)",
					"@executable_path/Frameworks",
				);
				MARKETING_VERSION = 1.0;
				PRODUCT_BUNDLE_IDENTIFIER = "com.fullsail.MitchellAntoine-AppleTV";
				PRODUCT_NAME = "$(TARGET_NAME)";
				SWIFT_EMIT_LOC_STRINGS = YES;
				SWIFT_VERSION = 5.0;
				TARGETED_DEVICE_FAMILY = 3;
			};
			name = Release;
		};
		64FC90C92945218A00C50462 /* Debug */ = {
			isa = XCBuildConfiguration;
			buildSettings = {
				CODE_SIGN_STYLE = Automatic;
				CURRENT_PROJECT_VERSION = 1;
				DEVELOPMENT_TEAM = 9J2XD6FT5T;
				GENERATE_INFOPLIST_FILE = YES;
				INFOPLIST_FILE = TopShelfDisplay/Info.plist;
				INFOPLIST_KEY_CFBundleDisplayName = TopShelfDisplay;
				INFOPLIST_KEY_NSHumanReadableCopyright = "";
				LD_RUNPATH_SEARCH_PATHS = (
					"$(inherited)",
					"@executable_path/Frameworks",
					"@executable_path/../../Frameworks",
				);
				MARKETING_VERSION = 1.0;
				PRODUCT_BUNDLE_IDENTIFIER = "com.fullsail.MitchellAntoine-AppleTV.TopShelfDisplay";
				PRODUCT_NAME = "$(TARGET_NAME)";
				SKIP_INSTALL = YES;
				SWIFT_EMIT_LOC_STRINGS = YES;
				SWIFT_VERSION = 5.0;
				TARGETED_DEVICE_FAMILY = 3;
			};
			name = Debug;
		};
		64FC90CA2945218A00C50462 /* Release */ = {
			isa = XCBuildConfiguration;
			buildSettings = {
				CODE_SIGN_STYLE = Automatic;
				CURRENT_PROJECT_VERSION = 1;
				DEVELOPMENT_TEAM = 9J2XD6FT5T;
				GENERATE_INFOPLIST_FILE = YES;
				INFOPLIST_FILE = TopShelfDisplay/Info.plist;
				INFOPLIST_KEY_CFBundleDisplayName = TopShelfDisplay;
				INFOPLIST_KEY_NSHumanReadableCopyright = "";
				LD_RUNPATH_SEARCH_PATHS = (
					"$(inherited)",
					"@executable_path/Frameworks",
					"@executable_path/../../Frameworks",
				);
				MARKETING_VERSION = 1.0;
				PRODUCT_BUNDLE_IDENTIFIER = "com.fullsail.MitchellAntoine-AppleTV.TopShelfDisplay";
				PRODUCT_NAME = "$(TARGET_NAME)";
				SKIP_INSTALL = YES;
				SWIFT_EMIT_LOC_STRINGS = YES;
				SWIFT_VERSION = 5.0;
				TARGETED_DEVICE_FAMILY = 3;
			};
			name = Release;
		};
/* End XCBuildConfiguration section */

/* Begin XCConfigurationList section */
		64FC90A02945198B00C50462 /* Build configuration list for PBXProject "MitchellAntoine_AppleTV" */ = {
			isa = XCConfigurationList;
			buildConfigurations = (
				64FC90B42945198D00C50462 /* Debug */,
				64FC90B52945198D00C50462 /* Release */,
			);
			defaultConfigurationIsVisible = 0;
			defaultConfigurationName = Release;
		};
		64FC90B62945198D00C50462 /* Build configuration list for PBXNativeTarget "MitchellAntoine_AppleTV" */ = {
			isa = XCConfigurationList;
			buildConfigurations = (
				64FC90B72945198D00C50462 /* Debug */,
				64FC90B82945198D00C50462 /* Release */,
			);
			defaultConfigurationIsVisible = 0;
			defaultConfigurationName = Release;
		};
		64FC90C82945218A00C50462 /* Build configuration list for PBXNativeTarget "TopShelfDisplay" */ = {
			isa = XCConfigurationList;
			buildConfigurations = (
				64FC90C92945218A00C50462 /* Debug */,
				64FC90CA2945218A00C50462 /* Release */,
			);
			defaultConfigurationIsVisible = 0;
			defaultConfigurationName = Release;
		};
/* End XCConfigurationList section */
	};
	rootObject = 64FC909D2945198B00C50462 /* Project object */;
}
