// !$*UTF8*$!
{
	archiveVersion = 1;
	classes = {
	};
	objectVersion = 56;
	objects = {

/* Begin PBXBuildFile section */
		64C83D90293AD4CD00A3D135 /* AppDelegate.swift in Sources */ = {isa = PBXBuildFile; fileRef = 64C83D8F293AD4CD00A3D135 /* AppDelegate.swift */; };
		64C83D92293AD4CD00A3D135 /* SceneDelegate.swift in Sources */ = {isa = PBXBuildFile; fileRef = 64C83D91293AD4CD00A3D135 /* SceneDelegate.swift */; };
		64C83D94293AD4CD00A3D135 /* ViewController.swift in Sources */ = {isa = PBXBuildFile; fileRef = 64C83D93293AD4CD00A3D135 /* ViewController.swift */; };
		64C83D97293AD4CD00A3D135 /* Main.storyboard in Resources */ = {isa = PBXBuildFile; fileRef = 64C83D95293AD4CD00A3D135 /* Main.storyboard */; };
		64C83D99293AD4CE00A3D135 /* Assets.xcassets in Resources */ = {isa = PBXBuildFile; fileRef = 64C83D98293AD4CE00A3D135 /* Assets.xcassets */; };
		64C83D9C293AD4CE00A3D135 /* LaunchScreen.storyboard in Resources */ = {isa = PBXBuildFile; fileRef = 64C83D9A293AD4CE00A3D135 /* LaunchScreen.storyboard */; };
		64C83DAA293AD54E00A3D135 /* MitchellAntoine_AppleWatch_WatchApp.swift in Sources */ = {isa = PBXBuildFile; fileRef = 64C83DA9293AD54E00A3D135 /* MitchellAntoine_AppleWatch_WatchApp.swift */; };
		64C83DAC293AD54E00A3D135 /* ContentView.swift in Sources */ = {isa = PBXBuildFile; fileRef = 64C83DAB293AD54E00A3D135 /* ContentView.swift */; };
		64C83DAE293AD54F00A3D135 /* Assets.xcassets in Resources */ = {isa = PBXBuildFile; fileRef = 64C83DAD293AD54F00A3D135 /* Assets.xcassets */; };
		64C83DB1293AD54F00A3D135 /* Preview Assets.xcassets in Resources */ = {isa = PBXBuildFile; fileRef = 64C83DB0293AD54F00A3D135 /* Preview Assets.xcassets */; };
		64C83DB4293AD54F00A3D135 /* MitchellAntoine_AppleWatch_Watch Watch App.app in Embed Watch Content */ = {isa = PBXBuildFile; fileRef = 64C83DA7293AD54E00A3D135 /* MitchellAntoine_AppleWatch_Watch Watch App.app */; settings = {ATTRIBUTES = (RemoveHeadersOnCopy, ); }; };
		64C83DBA293ECE0E00A3D135 /* InterfaceController.swift in Sources */ = {isa = PBXBuildFile; fileRef = 64C83DB9293ECE0E00A3D135 /* InterfaceController.swift */; };
/* End PBXBuildFile section */

/* Begin PBXContainerItemProxy section */
		64C83DB2293AD54F00A3D135 /* PBXContainerItemProxy */ = {
			isa = PBXContainerItemProxy;
			containerPortal = 64C83D84293AD4CD00A3D135 /* Project object */;
			proxyType = 1;
			remoteGlobalIDString = 64C83DA6293AD54E00A3D135;
			remoteInfo = "MitchellAntoine_AppleWatch_Watch Watch App";
		};
/* End PBXContainerItemProxy section */

/* Begin PBXCopyFilesBuildPhase section */
		64C83DB8293AD54F00A3D135 /* Embed Watch Content */ = {
			isa = PBXCopyFilesBuildPhase;
			buildActionMask = 2147483647;
			dstPath = "$(CONTENTS_FOLDER_PATH)/Watch";
			dstSubfolderSpec = 16;
			files = (
				64C83DB4293AD54F00A3D135 /* MitchellAntoine_AppleWatch_Watch Watch App.app in Embed Watch Content */,
			);
			name = "Embed Watch Content";
			runOnlyForDeploymentPostprocessing = 0;
		};
/* End PBXCopyFilesBuildPhase section */

/* Begin PBXFileReference section */
		64C83D8C293AD4CD00A3D135 /* MitchellAntoine_AppleWatch.app */ = {isa = PBXFileReference; explicitFileType = wrapper.application; includeInIndex = 0; path = MitchellAntoine_AppleWatch.app; sourceTree = BUILT_PRODUCTS_DIR; };
		64C83D8F293AD4CD00A3D135 /* AppDelegate.swift */ = {isa = PBXFileReference; lastKnownFileType = sourcecode.swift; path = AppDelegate.swift; sourceTree = "<group>"; };
		64C83D91293AD4CD00A3D135 /* SceneDelegate.swift */ = {isa = PBXFileReference; lastKnownFileType = sourcecode.swift; path = SceneDelegate.swift; sourceTree = "<group>"; };
		64C83D93293AD4CD00A3D135 /* ViewController.swift */ = {isa = PBXFileReference; lastKnownFileType = sourcecode.swift; path = ViewController.swift; sourceTree = "<group>"; };
		64C83D96293AD4CD00A3D135 /* Base */ = {isa = PBXFileReference; lastKnownFileType = file.storyboard; name = Base; path = Base.lproj/Main.storyboard; sourceTree = "<group>"; };
		64C83D98293AD4CE00A3D135 /* Assets.xcassets */ = {isa = PBXFileReference; lastKnownFileType = folder.assetcatalog; path = Assets.xcassets; sourceTree = "<group>"; };
		64C83D9B293AD4CE00A3D135 /* Base */ = {isa = PBXFileReference; lastKnownFileType = file.storyboard; name = Base; path = Base.lproj/LaunchScreen.storyboard; sourceTree = "<group>"; };
		64C83D9D293AD4CE00A3D135 /* Info.plist */ = {isa = PBXFileReference; lastKnownFileType = text.plist.xml; path = Info.plist; sourceTree = "<group>"; };
		64C83DA7293AD54E00A3D135 /* MitchellAntoine_AppleWatch_Watch Watch App.app */ = {isa = PBXFileReference; explicitFileType = wrapper.application; includeInIndex = 0; path = "MitchellAntoine_AppleWatch_Watch Watch App.app"; sourceTree = BUILT_PRODUCTS_DIR; };
		64C83DA9293AD54E00A3D135 /* MitchellAntoine_AppleWatch_WatchApp.swift */ = {isa = PBXFileReference; lastKnownFileType = sourcecode.swift; path = MitchellAntoine_AppleWatch_WatchApp.swift; sourceTree = "<group>"; };
		64C83DAB293AD54E00A3D135 /* ContentView.swift */ = {isa = PBXFileReference; lastKnownFileType = sourcecode.swift; path = ContentView.swift; sourceTree = "<group>"; };
		64C83DAD293AD54F00A3D135 /* Assets.xcassets */ = {isa = PBXFileReference; lastKnownFileType = folder.assetcatalog; path = Assets.xcassets; sourceTree = "<group>"; };
		64C83DB0293AD54F00A3D135 /* Preview Assets.xcassets */ = {isa = PBXFileReference; lastKnownFileType = folder.assetcatalog; path = "Preview Assets.xcassets"; sourceTree = "<group>"; };
		64C83DB9293ECE0E00A3D135 /* InterfaceController.swift */ = {isa = PBXFileReference; lastKnownFileType = sourcecode.swift; path = InterfaceController.swift; sourceTree = "<group>"; };
/* End PBXFileReference section */

/* Begin PBXFrameworksBuildPhase section */
		64C83D89293AD4CD00A3D135 /* Frameworks */ = {
			isa = PBXFrameworksBuildPhase;
			buildActionMask = 2147483647;
			files = (
			);
			runOnlyForDeploymentPostprocessing = 0;
		};
		64C83DA4293AD54E00A3D135 /* Frameworks */ = {
			isa = PBXFrameworksBuildPhase;
			buildActionMask = 2147483647;
			files = (
			);
			runOnlyForDeploymentPostprocessing = 0;
		};
/* End PBXFrameworksBuildPhase section */

/* Begin PBXGroup section */
		64C83D83293AD4CD00A3D135 = {
			isa = PBXGroup;
			children = (
				64C83D8E293AD4CD00A3D135 /* MitchellAntoine_AppleWatch */,
				64C83DA8293AD54E00A3D135 /* MitchellAntoine_AppleWatch_Watch Watch App */,
				64C83D8D293AD4CD00A3D135 /* Products */,
			);
			sourceTree = "<group>";
		};
		64C83D8D293AD4CD00A3D135 /* Products */ = {
			isa = PBXGroup;
			children = (
				64C83D8C293AD4CD00A3D135 /* MitchellAntoine_AppleWatch.app */,
				64C83DA7293AD54E00A3D135 /* MitchellAntoine_AppleWatch_Watch Watch App.app */,
			);
			name = Products;
			sourceTree = "<group>";
		};
		64C83D8E293AD4CD00A3D135 /* MitchellAntoine_AppleWatch */ = {
			isa = PBXGroup;
			children = (
				64C83D8F293AD4CD00A3D135 /* AppDelegate.swift */,
				64C83D91293AD4CD00A3D135 /* SceneDelegate.swift */,
				64C83D93293AD4CD00A3D135 /* ViewController.swift */,
				64C83D95293AD4CD00A3D135 /* Main.storyboard */,
				64C83D98293AD4CE00A3D135 /* Assets.xcassets */,
				64C83D9A293AD4CE00A3D135 /* LaunchScreen.storyboard */,
				64C83D9D293AD4CE00A3D135 /* Info.plist */,
			);
			path = MitchellAntoine_AppleWatch;
			sourceTree = "<group>";
		};
		64C83DA8293AD54E00A3D135 /* MitchellAntoine_AppleWatch_Watch Watch App */ = {
			isa = PBXGroup;
			children = (
				64C83DA9293AD54E00A3D135 /* MitchellAntoine_AppleWatch_WatchApp.swift */,
				64C83DB9293ECE0E00A3D135 /* InterfaceController.swift */,
				64C83DAB293AD54E00A3D135 /* ContentView.swift */,
				64C83DAD293AD54F00A3D135 /* Assets.xcassets */,
				64C83DAF293AD54F00A3D135 /* Preview Content */,
			);
			path = "MitchellAntoine_AppleWatch_Watch Watch App";
			sourceTree = "<group>";
		};
		64C83DAF293AD54F00A3D135 /* Preview Content */ = {
			isa = PBXGroup;
			children = (
				64C83DB0293AD54F00A3D135 /* Preview Assets.xcassets */,
			);
			path = "Preview Content";
			sourceTree = "<group>";
		};
/* End PBXGroup section */

/* Begin PBXNativeTarget section */
		64C83D8B293AD4CD00A3D135 /* MitchellAntoine_AppleWatch */ = {
			isa = PBXNativeTarget;
			buildConfigurationList = 64C83DA0293AD4CE00A3D135 /* Build configuration list for PBXNativeTarget "MitchellAntoine_AppleWatch" */;
			buildPhases = (
				64C83D88293AD4CD00A3D135 /* Sources */,
				64C83D89293AD4CD00A3D135 /* Frameworks */,
				64C83D8A293AD4CD00A3D135 /* Resources */,
				64C83DB8293AD54F00A3D135 /* Embed Watch Content */,
			);
			buildRules = (
			);
			dependencies = (
				64C83DB3293AD54F00A3D135 /* PBXTargetDependency */,
			);
			name = MitchellAntoine_AppleWatch;
			productName = MitchellAntoine_AppleWatch;
			productReference = 64C83D8C293AD4CD00A3D135 /* MitchellAntoine_AppleWatch.app */;
			productType = "com.apple.product-type.application";
		};
		64C83DA6293AD54E00A3D135 /* MitchellAntoine_AppleWatch_Watch Watch App */ = {
			isa = PBXNativeTarget;
			buildConfigurationList = 64C83DB5293AD54F00A3D135 /* Build configuration list for PBXNativeTarget "MitchellAntoine_AppleWatch_Watch Watch App" */;
			buildPhases = (
				64C83DA3293AD54E00A3D135 /* Sources */,
				64C83DA4293AD54E00A3D135 /* Frameworks */,
				64C83DA5293AD54E00A3D135 /* Resources */,
			);
			buildRules = (
			);
			dependencies = (
			);
			name = "MitchellAntoine_AppleWatch_Watch Watch App";
			productName = "MitchellAntoine_AppleWatch_Watch Watch App";
			productReference = 64C83DA7293AD54E00A3D135 /* MitchellAntoine_AppleWatch_Watch Watch App.app */;
			productType = "com.apple.product-type.application";
		};
/* End PBXNativeTarget section */

/* Begin PBXProject section */
		64C83D84293AD4CD00A3D135 /* Project object */ = {
			isa = PBXProject;
			attributes = {
				BuildIndependentTargetsInParallel = 1;
				LastSwiftUpdateCheck = 1410;
				LastUpgradeCheck = 1410;
				TargetAttributes = {
					64C83D8B293AD4CD00A3D135 = {
						CreatedOnToolsVersion = 14.1;
					};
					64C83DA6293AD54E00A3D135 = {
						CreatedOnToolsVersion = 14.1;
					};
				};
			};
			buildConfigurationList = 64C83D87293AD4CD00A3D135 /* Build configuration list for PBXProject "MitchellAntoine_AppleWatch" */;
			compatibilityVersion = "Xcode 14.0";
			developmentRegion = en;
			hasScannedForEncodings = 0;
			knownRegions = (
				en,
				Base,
			);
			mainGroup = 64C83D83293AD4CD00A3D135;
			productRefGroup = 64C83D8D293AD4CD00A3D135 /* Products */;
			projectDirPath = "";
			projectRoot = "";
			targets = (
				64C83D8B293AD4CD00A3D135 /* MitchellAntoine_AppleWatch */,
				64C83DA6293AD54E00A3D135 /* MitchellAntoine_AppleWatch_Watch Watch App */,
			);
		};
/* End PBXProject section */

/* Begin PBXResourcesBuildPhase section */
		64C83D8A293AD4CD00A3D135 /* Resources */ = {
			isa = PBXResourcesBuildPhase;
			buildActionMask = 2147483647;
			files = (
				64C83D9C293AD4CE00A3D135 /* LaunchScreen.storyboard in Resources */,
				64C83D99293AD4CE00A3D135 /* Assets.xcassets in Resources */,
				64C83D97293AD4CD00A3D135 /* Main.storyboard in Resources */,
			);
			runOnlyForDeploymentPostprocessing = 0;
		};
		64C83DA5293AD54E00A3D135 /* Resources */ = {
			isa = PBXResourcesBuildPhase;
			buildActionMask = 2147483647;
			files = (
				64C83DB1293AD54F00A3D135 /* Preview Assets.xcassets in Resources */,
				64C83DAE293AD54F00A3D135 /* Assets.xcassets in Resources */,
			);
			runOnlyForDeploymentPostprocessing = 0;
		};
/* End PBXResourcesBuildPhase section */

/* Begin PBXSourcesBuildPhase section */
		64C83D88293AD4CD00A3D135 /* Sources */ = {
			isa = PBXSourcesBuildPhase;
			buildActionMask = 2147483647;
			files = (
				64C83D94293AD4CD00A3D135 /* ViewController.swift in Sources */,
				64C83D90293AD4CD00A3D135 /* AppDelegate.swift in Sources */,
				64C83D92293AD4CD00A3D135 /* SceneDelegate.swift in Sources */,
			);
			runOnlyForDeploymentPostprocessing = 0;
		};
		64C83DA3293AD54E00A3D135 /* Sources */ = {
			isa = PBXSourcesBuildPhase;
			buildActionMask = 2147483647;
			files = (
				64C83DBA293ECE0E00A3D135 /* InterfaceController.swift in Sources */,
				64C83DAC293AD54E00A3D135 /* ContentView.swift in Sources */,
				64C83DAA293AD54E00A3D135 /* MitchellAntoine_AppleWatch_WatchApp.swift in Sources */,
			);
			runOnlyForDeploymentPostprocessing = 0;
		};
/* End PBXSourcesBuildPhase section */

/* Begin PBXTargetDependency section */
		64C83DB3293AD54F00A3D135 /* PBXTargetDependency */ = {
			isa = PBXTargetDependency;
			target = 64C83DA6293AD54E00A3D135 /* MitchellAntoine_AppleWatch_Watch Watch App */;
			targetProxy = 64C83DB2293AD54F00A3D135 /* PBXContainerItemProxy */;
		};
/* End PBXTargetDependency section */

/* Begin PBXVariantGroup section */
		64C83D95293AD4CD00A3D135 /* Main.storyboard */ = {
			isa = PBXVariantGroup;
			children = (
				64C83D96293AD4CD00A3D135 /* Base */,
			);
			name = Main.storyboard;
			sourceTree = "<group>";
		};
		64C83D9A293AD4CE00A3D135 /* LaunchScreen.storyboard */ = {
			isa = PBXVariantGroup;
			children = (
				64C83D9B293AD4CE00A3D135 /* Base */,
			);
			name = LaunchScreen.storyboard;
			sourceTree = "<group>";
		};
/* End PBXVariantGroup section */

/* Begin XCBuildConfiguration section */
		64C83D9E293AD4CE00A3D135 /* Debug */ = {
			isa = XCBuildConfiguration;
			buildSettings = {
				ALWAYS_SEARCH_USER_PATHS = NO;
				CLANG_ANALYZER_NONNULL = YES;
				CLANG_ANALYZER_NUMBER_OBJECT_CONVERSION = YES_AGGRESSIVE;
				CLANG_CXX_LANGUAGE_STANDARD = "gnu++20";
				CLANG_ENABLE_MODULES = YES;
				CLANG_ENABLE_OBJC_ARC = YES;
				CLANG_ENABLE_OBJC_WEAK = YES;
				CLANG_WARN_BLOCK_CAPTURE_AUTORELEASING = YES;
				CLANG_WARN_BOOL_CONVERSION = YES;
				CLANG_WARN_COMMA = YES;
				CLANG_WARN_CONSTANT_CONVERSION = YES;
				CLANG_WARN_DEPRECATED_OBJC_IMPLEMENTATIONS = YES;
				CLANG_WARN_DIRECT_OBJC_ISA_USAGE = YES_ERROR;
				CLANG_WARN_DOCUMENTATION_COMMENTS = YES;
				CLANG_WARN_EMPTY_BODY = YES;
				CLANG_WARN_ENUM_CONVERSION = YES;
				CLANG_WARN_INFINITE_RECURSION = YES;
				CLANG_WARN_INT_CONVERSION = YES;
				CLANG_WARN_NON_LITERAL_NULL_CONVERSION = YES;
				CLANG_WARN_OBJC_IMPLICIT_RETAIN_SELF = YES;
				CLANG_WARN_OBJC_LITERAL_CONVERSION = YES;
				CLANG_WARN_OBJC_ROOT_CLASS = YES_ERROR;
				CLANG_WARN_QUOTED_INCLUDE_IN_FRAMEWORK_HEADER = YES;
				CLANG_WARN_RANGE_LOOP_ANALYSIS = YES;
				CLANG_WARN_STRICT_PROTOTYPES = YES;
				CLANG_WARN_SUSPICIOUS_MOVE = YES;
				CLANG_WARN_UNGUARDED_AVAILABILITY = YES_AGGRESSIVE;
				CLANG_WARN_UNREACHABLE_CODE = YES;
				CLANG_WARN__DUPLICATE_METHOD_MATCH = YES;
				COPY_PHASE_STRIP = NO;
				DEBUG_INFORMATION_FORMAT = dwarf;
				ENABLE_STRICT_OBJC_MSGSEND = YES;
				ENABLE_TESTABILITY = YES;
				GCC_C_LANGUAGE_STANDARD = gnu11;
				GCC_DYNAMIC_NO_PIC = NO;
				GCC_NO_COMMON_BLOCKS = YES;
				GCC_OPTIMIZATION_LEVEL = 0;
				GCC_PREPROCESSOR_DEFINITIONS = (
					"DEBUG=1",
					"$(inherited)",
				);
				GCC_WARN_64_TO_32_BIT_CONVERSION = YES;
				GCC_WARN_ABOUT_RETURN_TYPE = YES_ERROR;
				GCC_WARN_UNDECLARED_SELECTOR = YES;
				GCC_WARN_UNINITIALIZED_AUTOS = YES_AGGRESSIVE;
				GCC_WARN_UNUSED_FUNCTION = YES;
				GCC_WARN_UNUSED_VARIABLE = YES;
				IPHONEOS_DEPLOYMENT_TARGET = 16.1;
				MTL_ENABLE_DEBUG_INFO = INCLUDE_SOURCE;
				MTL_FAST_MATH = YES;
				ONLY_ACTIVE_ARCH = YES;
				SDKROOT = iphoneos;
				SWIFT_ACTIVE_COMPILATION_CONDITIONS = DEBUG;
				SWIFT_OPTIMIZATION_LEVEL = "-Onone";
			};
			name = Debug;
		};
		64C83D9F293AD4CE00A3D135 /* Release */ = {
			isa = XCBuildConfiguration;
			buildSettings = {
				ALWAYS_SEARCH_USER_PATHS = NO;
				CLANG_ANALYZER_NONNULL = YES;
				CLANG_ANALYZER_NUMBER_OBJECT_CONVERSION = YES_AGGRESSIVE;
				CLANG_CXX_LANGUAGE_STANDARD = "gnu++20";
				CLANG_ENABLE_MODULES = YES;
				CLANG_ENABLE_OBJC_ARC = YES;
				CLANG_ENABLE_OBJC_WEAK = YES;
				CLANG_WARN_BLOCK_CAPTURE_AUTORELEASING = YES;
				CLANG_WARN_BOOL_CONVERSION = YES;
				CLANG_WARN_COMMA = YES;
				CLANG_WARN_CONSTANT_CONVERSION = YES;
				CLANG_WARN_DEPRECATED_OBJC_IMPLEMENTATIONS = YES;
				CLANG_WARN_DIRECT_OBJC_ISA_USAGE = YES_ERROR;
				CLANG_WARN_DOCUMENTATION_COMMENTS = YES;
				CLANG_WARN_EMPTY_BODY = YES;
				CLANG_WARN_ENUM_CONVERSION = YES;
				CLANG_WARN_INFINITE_RECURSION = YES;
				CLANG_WARN_INT_CONVERSION = YES;
				CLANG_WARN_NON_LITERAL_NULL_CONVERSION = YES;
				CLANG_WARN_OBJC_IMPLICIT_RETAIN_SELF = YES;
				CLANG_WARN_OBJC_LITERAL_CONVERSION = YES;
				CLANG_WARN_OBJC_ROOT_CLASS = YES_ERROR;
				CLANG_WARN_QUOTED_INCLUDE_IN_FRAMEWORK_HEADER = YES;
				CLANG_WARN_RANGE_LOOP_ANALYSIS = YES;
				CLANG_WARN_STRICT_PROTOTYPES = YES;
				CLANG_WARN_SUSPICIOUS_MOVE = YES;
				CLANG_WARN_UNGUARDED_AVAILABILITY = YES_AGGRESSIVE;
				CLANG_WARN_UNREACHABLE_CODE = YES;
				CLANG_WARN__DUPLICATE_METHOD_MATCH = YES;
				COPY_PHASE_STRIP = NO;
				DEBUG_INFORMATION_FORMAT = "dwarf-with-dsym";
				ENABLE_NS_ASSERTIONS = NO;
				ENABLE_STRICT_OBJC_MSGSEND = YES;
				GCC_C_LANGUAGE_STANDARD = gnu11;
				GCC_NO_COMMON_BLOCKS = YES;
				GCC_WARN_64_TO_32_BIT_CONVERSION = YES;
				GCC_WARN_ABOUT_RETURN_TYPE = YES_ERROR;
				GCC_WARN_UNDECLARED_SELECTOR = YES;
				GCC_WARN_UNINITIALIZED_AUTOS = YES_AGGRESSIVE;
				GCC_WARN_UNUSED_FUNCTION = YES;
				GCC_WARN_UNUSED_VARIABLE = YES;
				IPHONEOS_DEPLOYMENT_TARGET = 16.1;
				MTL_ENABLE_DEBUG_INFO = NO;
				MTL_FAST_MATH = YES;
				SDKROOT = iphoneos;
				SWIFT_COMPILATION_MODE = wholemodule;
				SWIFT_OPTIMIZATION_LEVEL = "-O";
				VALIDATE_PRODUCT = YES;
			};
			name = Release;
		};
		64C83DA1293AD4CE00A3D135 /* Debug */ = {
			isa = XCBuildConfiguration;
			buildSettings = {
				ALWAYS_EMBED_SWIFT_STANDARD_LIBRARIES = YES;
				ASSETCATALOG_COMPILER_APPICON_NAME = AppIcon;
				ASSETCATALOG_COMPILER_GLOBAL_ACCENT_COLOR_NAME = AccentColor;
				CODE_SIGN_STYLE = Automatic;
				CURRENT_PROJECT_VERSION = 1;
				DEVELOPMENT_TEAM = 9J2XD6FT5T;
				GENERATE_INFOPLIST_FILE = YES;
				INFOPLIST_FILE = MitchellAntoine_AppleWatch/Info.plist;
				INFOPLIST_KEY_UIApplicationSupportsIndirectInputEvents = YES;
				INFOPLIST_KEY_UILaunchStoryboardName = LaunchScreen;
				INFOPLIST_KEY_UIMainStoryboardFile = Main;
				INFOPLIST_KEY_UISupportedInterfaceOrientations_iPad = "UIInterfaceOrientationPortrait UIInterfaceOrientationPortraitUpsideDown UIInterfaceOrientationLandscapeLeft UIInterfaceOrientationLandscapeRight";
				INFOPLIST_KEY_UISupportedInterfaceOrientations_iPhone = "UIInterfaceOrientationPortrait UIInterfaceOrientationLandscapeLeft UIInterfaceOrientationLandscapeRight";
				LD_RUNPATH_SEARCH_PATHS = (
					"$(inherited)",
					"@executable_path/Frameworks",
				);
				MARKETING_VERSION = 1.0;
				PRODUCT_BUNDLE_IDENTIFIER = "com.fullsail.MitchellAntoine-AppleWatch";
				PRODUCT_NAME = "$(TARGET_NAME)";
				SWIFT_EMIT_LOC_STRINGS = YES;
				SWIFT_VERSION = 5.0;
				TARGETED_DEVICE_FAMILY = "1,2";
			};
			name = Debug;
		};
		64C83DA2293AD4CE00A3D135 /* Release */ = {
			isa = XCBuildConfiguration;
			buildSettings = {
				ALWAYS_EMBED_SWIFT_STANDARD_LIBRARIES = YES;
				ASSETCATALOG_COMPILER_APPICON_NAME = AppIcon;
				ASSETCATALOG_COMPILER_GLOBAL_ACCENT_COLOR_NAME = AccentColor;
				CODE_SIGN_STYLE = Automatic;
				CURRENT_PROJECT_VERSION = 1;
				DEVELOPMENT_TEAM = 9J2XD6FT5T;
				GENERATE_INFOPLIST_FILE = YES;
				INFOPLIST_FILE = MitchellAntoine_AppleWatch/Info.plist;
				INFOPLIST_KEY_UIApplicationSupportsIndirectInputEvents = YES;
				INFOPLIST_KEY_UILaunchStoryboardName = LaunchScreen;
				INFOPLIST_KEY_UIMainStoryboardFile = Main;
				INFOPLIST_KEY_UISupportedInterfaceOrientations_iPad = "UIInterfaceOrientationPortrait UIInterfaceOrientationPortraitUpsideDown UIInterfaceOrientationLandscapeLeft UIInterfaceOrientationLandscapeRight";
				INFOPLIST_KEY_UISupportedInterfaceOrientations_iPhone = "UIInterfaceOrientationPortrait UIInterfaceOrientationLandscapeLeft UIInterfaceOrientationLandscapeRight";
				LD_RUNPATH_SEARCH_PATHS = (
					"$(inherited)",
					"@executable_path/Frameworks",
				);
				MARKETING_VERSION = 1.0;
				PRODUCT_BUNDLE_IDENTIFIER = "com.fullsail.MitchellAntoine-AppleWatch";
				PRODUCT_NAME = "$(TARGET_NAME)";
				SWIFT_EMIT_LOC_STRINGS = YES;
				SWIFT_VERSION = 5.0;
				TARGETED_DEVICE_FAMILY = "1,2";
			};
			name = Release;
		};
		64C83DB6293AD54F00A3D135 /* Debug */ = {
			isa = XCBuildConfiguration;
			buildSettings = {
				ASSETCATALOG_COMPILER_APPICON_NAME = AppIcon;
				ASSETCATALOG_COMPILER_GLOBAL_ACCENT_COLOR_NAME = AccentColor;
				CODE_SIGN_STYLE = Automatic;
				CURRENT_PROJECT_VERSION = 1;
				DEVELOPMENT_ASSET_PATHS = "\"MitchellAntoine_AppleWatch_Watch Watch App/Preview Content\"";
				DEVELOPMENT_TEAM = 9J2XD6FT5T;
				ENABLE_PREVIEWS = YES;
				GENERATE_INFOPLIST_FILE = YES;
				INFOPLIST_KEY_CFBundleDisplayName = MitchellAntoine_AppleWatch_Watch;
				INFOPLIST_KEY_UISupportedInterfaceOrientations = "UIInterfaceOrientationPortrait UIInterfaceOrientationPortraitUpsideDown";
				INFOPLIST_KEY_WKCompanionAppBundleIdentifier = "com.fullsail.MitchellAntoine-AppleWatch";
				LD_RUNPATH_SEARCH_PATHS = (
					"$(inherited)",
					"@executable_path/Frameworks",
				);
				MARKETING_VERSION = 1.0;
				PRODUCT_BUNDLE_IDENTIFIER = "com.fullsail.MitchellAntoine-AppleWatch.watchkitapp";
				PRODUCT_NAME = "$(TARGET_NAME)";
				SDKROOT = watchos;
				SKIP_INSTALL = YES;
				SWIFT_EMIT_LOC_STRINGS = YES;
				SWIFT_VERSION = 5.0;
				TARGETED_DEVICE_FAMILY = 4;
				WATCHOS_DEPLOYMENT_TARGET = 9.1;
			};
			name = Debug;
		};
		64C83DB7293AD54F00A3D135 /* Release */ = {
			isa = XCBuildConfiguration;
			buildSettings = {
				ASSETCATALOG_COMPILER_APPICON_NAME = AppIcon;
				ASSETCATALOG_COMPILER_GLOBAL_ACCENT_COLOR_NAME = AccentColor;
				CODE_SIGN_STYLE = Automatic;
				CURRENT_PROJECT_VERSION = 1;
				DEVELOPMENT_ASSET_PATHS = "\"MitchellAntoine_AppleWatch_Watch Watch App/Preview Content\"";
				DEVELOPMENT_TEAM = 9J2XD6FT5T;
				ENABLE_PREVIEWS = YES;
				GENERATE_INFOPLIST_FILE = YES;
				INFOPLIST_KEY_CFBundleDisplayName = MitchellAntoine_AppleWatch_Watch;
				INFOPLIST_KEY_UISupportedInterfaceOrientations = "UIInterfaceOrientationPortrait UIInterfaceOrientationPortraitUpsideDown";
				INFOPLIST_KEY_WKCompanionAppBundleIdentifier = "com.fullsail.MitchellAntoine-AppleWatch";
				LD_RUNPATH_SEARCH_PATHS = (
					"$(inherited)",
					"@executable_path/Frameworks",
				);
				MARKETING_VERSION = 1.0;
				PRODUCT_BUNDLE_IDENTIFIER = "com.fullsail.MitchellAntoine-AppleWatch.watchkitapp";
				PRODUCT_NAME = "$(TARGET_NAME)";
				SDKROOT = watchos;
				SKIP_INSTALL = YES;
				SWIFT_EMIT_LOC_STRINGS = YES;
				SWIFT_VERSION = 5.0;
				TARGETED_DEVICE_FAMILY = 4;
				WATCHOS_DEPLOYMENT_TARGET = 9.1;
			};
			name = Release;
		};
/* End XCBuildConfiguration section */

/* Begin XCConfigurationList section */
		64C83D87293AD4CD00A3D135 /* Build configuration list for PBXProject "MitchellAntoine_AppleWatch" */ = {
			isa = XCConfigurationList;
			buildConfigurations = (
				64C83D9E293AD4CE00A3D135 /* Debug */,
				64C83D9F293AD4CE00A3D135 /* Release */,
			);
			defaultConfigurationIsVisible = 0;
			defaultConfigurationName = Release;
		};
		64C83DA0293AD4CE00A3D135 /* Build configuration list for PBXNativeTarget "MitchellAntoine_AppleWatch" */ = {
			isa = XCConfigurationList;
			buildConfigurations = (
				64C83DA1293AD4CE00A3D135 /* Debug */,
				64C83DA2293AD4CE00A3D135 /* Release */,
			);
			defaultConfigurationIsVisible = 0;
			defaultConfigurationName = Release;
		};
		64C83DB5293AD54F00A3D135 /* Build configuration list for PBXNativeTarget "MitchellAntoine_AppleWatch_Watch Watch App" */ = {
			isa = XCConfigurationList;
			buildConfigurations = (
				64C83DB6293AD54F00A3D135 /* Debug */,
				64C83DB7293AD54F00A3D135 /* Release */,
			);
			defaultConfigurationIsVisible = 0;
			defaultConfigurationName = Release;
		};
/* End XCConfigurationList section */
	};
	rootObject = 64C83D84293AD4CD00A3D135 /* Project object */;
}
